# @generated - this file is auto-generated by `mise lock` https://mise.en.dev/dev-tools/mise-lock.html

[[tools.cocogitto]]
version = "7.0.0"
backend = "aqua:cocogitto/cocogitto"

[tools.cocogitto."platforms.linux-arm64"]
checksum = "sha256:379949f50c4f8245ef9532913e83f351c048b55e40ebd52ed8a850642c07a753"
url = "https://github.com/cocogitto/cocogitto/releases/download/7.0.0/cocogitto-7.0.0-aarch64-unknown-linux-gnu.tar.gz"

[tools.cocogitto."platforms.linux-arm64-musl"]
checksum = "sha256:379949f50c4f8245ef9532913e83f351c048b55e40ebd52ed8a850642c07a753"
url = "https://github.com/cocogitto/cocogitto/releases/download/7.0.0/cocogitto-7.0.0-aarch64-unknown-linux-gnu.tar.gz"

[tools.cocogitto."platforms.linux-x64"]
checksum = "sha256:e03938ff2c4c86d71c00c0f3284dbbe95c5ca76fe34a51f33e945c23010d59bb"
url = "https://github.com/cocogitto/cocogitto/releases/download/7.0.0/cocogitto-7.0.0-x86_64-unknown-linux-musl.tar.gz"

[tools.cocogitto."platforms.linux-x64-baseline"]
checksum = "sha256:e03938ff2c4c86d71c00c0f3284dbbe95c5ca76fe34a51f33e945c23010d59bb"
url = "https://github.com/cocogitto/cocogitto/releases/download/7.0.0/cocogitto-7.0.0-x86_64-unknown-linux-musl.tar.gz"

[tools.cocogitto."platforms.linux-x64-musl"]
checksum = "sha256:e03938ff2c4c86d71c00c0f3284dbbe95c5ca76fe34a51f33e945c23010d59bb"
url = "https://github.com/cocogitto/cocogitto/releases/download/7.0.0/cocogitto-7.0.0-x86_64-unknown-linux-musl.tar.gz"

[tools.cocogitto."platforms.linux-x64-musl-baseline"]
checksum = "sha256:e03938ff2c4c86d71c00c0f3284dbbe95c5ca76fe34a51f33e945c23010d59bb"
url = "https://github.com/cocogitto/cocogitto/releases/download/7.0.0/cocogitto-7.0.0-x86_64-unknown-linux-musl.tar.gz"

[tools.cocogitto."platforms.macos-arm64"]
checksum = "sha256:429303b6d68c6461aa221ab4de82b26d0bbcdee7127947ea9c7c411ab9bc574c"
url = "https://github.com/cocogitto/cocogitto/releases/download/7.0.0/cocogitto-7.0.0-aarch64-apple-darwin.tar.gz"

[tools.cocogitto."platforms.macos-x64"]
checksum = "sha256:591dcd462e2e35ecc21caf41a15a65d464b7ce1ce8a5c299fa0d46a7798dddb0"
url = "https://github.com/cocogitto/cocogitto/releases/download/7.0.0/cocogitto-7.0.0-x86_64-apple-darwin.tar.gz"

[tools.cocogitto."platforms.macos-x64-baseline"]
checksum = "sha256:591dcd462e2e35ecc21caf41a15a65d464b7ce1ce8a5c299fa0d46a7798dddb0"
url = "https://github.com/cocogitto/cocogitto/releases/download/7.0.0/cocogitto-7.0.0-x86_64-apple-darwin.tar.gz"

[tools.cocogitto."platforms.windows-x64"]
checksum = "sha256:074f68f05d270da5c0d69d3e234ec362bec4c6e3189c21d1c948d038603655d7"
url = "https://github.com/cocogitto/cocogitto/releases/download/7.0.0/cocogitto-7.0.0-x86_64-pc-windows-msvc.tar.gz"

[tools.cocogitto."platforms.windows-x64-baseline"]
checksum = "sha256:074f68f05d270da5c0d69d3e234ec362bec4c6e3189c21d1c948d038603655d7"
url = "https://github.com/cocogitto/cocogitto/releases/download/7.0.0/cocogitto-7.0.0-x86_64-pc-windows-msvc.tar.gz"

[[tools.hk]]
version = "1.47.0"
backend = "aqua:jdx/hk"

[tools.hk."platforms.linux-arm64"]
checksum = "sha256:61250d1d3505ca6814aadb7edcde69054a757cb04bd7d20ffd3a0103494e700a"
url = "https://github.com/jdx/hk/releases/download/v1.47.0/hk-aarch64-unknown-linux-gnu.tar.gz"

[tools.hk."platforms.linux-arm64-musl"]
checksum = "sha256:47801ba27483c7724d5d07873a1d69aa99ca1ece69b6e0542ac288fbab32c430"
url = "https://github.com/jdx/hk/releases/download/v1.47.0/hk-aarch64-unknown-linux-musl.tar.gz"

[tools.hk."platforms.linux-x64"]
checksum = "sha256:4b10b3f9ecf5b95035f96ce45fd58cab81b255b894c52c4651e444e2f7a261f6"
url = "https://github.com/jdx/hk/releases/download/v1.47.0/hk-x86_64-unknown-linux-gnu.tar.gz"

[tools.hk."platforms.linux-x64-baseline"]
checksum = "sha256:4b10b3f9ecf5b95035f96ce45fd58cab81b255b894c52c4651e444e2f7a261f6"
url = "https://github.com/jdx/hk/releases/download/v1.47.0/hk-x86_64-unknown-linux-gnu.tar.gz"

[tools.hk."platforms.linux-x64-musl"]
checksum = "sha256:50df294e8413d39256ca71b3198899fc018b0f6f98a886c0b20bbdec867e272d"
url = "https://github.com/jdx/hk/releases/download/v1.47.0/hk-x86_64-unknown-linux-musl.tar.gz"

[tools.hk."platforms.linux-x64-musl-baseline"]
checksum = "sha256:50df294e8413d39256ca71b3198899fc018b0f6f98a886c0b20bbdec867e272d"
url = "https://github.com/jdx/hk/releases/download/v1.47.0/hk-x86_64-unknown-linux-musl.tar.gz"

[tools.hk."platforms.macos-arm64"]
checksum = "sha256:3c2a5c8af797bfe7c6f91930966135d62d06222fafbfd3ecaba3eb2d48943ac3"
url = "https://github.com/jdx/hk/releases/download/v1.47.0/hk-aarch64-apple-darwin.tar.gz"

[tools.hk."platforms.windows-x64"]
checksum = "sha256:808544917b7bf3d14e049a3c672152d8d38ea116ebb04b8fd0ec1636dcf84360"
url = "https://github.com/jdx/hk/releases/download/v1.47.0/hk-x86_64-pc-windows-msvc.zip"

[tools.hk."platforms.windows-x64-baseline"]
checksum = "sha256:808544917b7bf3d14e049a3c672152d8d38ea116ebb04b8fd0ec1636dcf84360"
url = "https://github.com/jdx/hk/releases/download/v1.47.0/hk-x86_64-pc-windows-msvc.zip"

[[tools.node]]
version = "26.3.0"
backend = "core:node"

[tools.node."platforms.linux-arm64"]
checksum = "sha256:b2e01f65905c24cb5dd19c4cfbfefe0118e0504c170cc18beac343a2abbb59bd"
url = "https://nodejs.org/dist/v26.3.0/node-v26.3.0-linux-arm64.tar.gz"

[tools.node."platforms.linux-arm64-musl"]
checksum = "sha256:2487ff4f03dbd8998a3778886d50c1ee5f13a3b9cefbfa3aed02c32dbf1e1fb8"
url = "https://unofficial-builds.nodejs.org/download/release/v26.3.0/node-v26.3.0-linux-arm64-musl.tar.gz"

[tools.node."platforms.linux-x64"]
checksum = "sha256:a6e65cc653e40c1653b77742f9185dbce3ff1f99fa2746d211bddb53530ef206"
url = "https://nodejs.org/dist/v26.3.0/node-v26.3.0-linux-x64.tar.gz"

[tools.node."platforms.linux-x64-baseline"]
checksum = "sha256:a6e65cc653e40c1653b77742f9185dbce3ff1f99fa2746d211bddb53530ef206"
url = "https://nodejs.org/dist/v26.3.0/node-v26.3.0-linux-x64.tar.gz"

[tools.node."platforms.linux-x64-musl"]
checksum = "sha256:6ad2e7c0cf693fecc2febb1abf753940244f3baaa04626361ed52d64843ffc67"
url = "https://unofficial-builds.nodejs.org/download/release/v26.3.0/node-v26.3.0-linux-x64-musl.tar.gz"

[tools.node."platforms.linux-x64-musl-baseline"]
checksum = "sha256:6ad2e7c0cf693fecc2febb1abf753940244f3baaa04626361ed52d64843ffc67"
url = "https://unofficial-builds.nodejs.org/download/release/v26.3.0/node-v26.3.0-linux-x64-musl.tar.gz"

[tools.node."platforms.macos-arm64"]
checksum = "sha256:77ef7f7a15aa757c2ca19d63cf41c8d9eb3b18590ebc6883871310787d8c6b6c"
url = "https://nodejs.org/dist/v26.3.0/node-v26.3.0-darwin-arm64.tar.gz"

[tools.node."platforms.macos-x64"]
checksum = "sha256:7453bd54a17bdc656e2e784d702f6eeb224fb517965e6f8c5a31a88c83d3804c"
url = "https://nodejs.org/dist/v26.3.0/node-v26.3.0-darwin-x64.tar.gz"

[tools.node."platforms.macos-x64-baseline"]
checksum = "sha256:7453bd54a17bdc656e2e784d702f6eeb224fb517965e6f8c5a31a88c83d3804c"
url = "https://nodejs.org/dist/v26.3.0/node-v26.3.0-darwin-x64.tar.gz"

[tools.node."platforms.windows-x64"]
checksum = "sha256:ec6d0f6b056c89498a9b26c4d5c77a31fd0b7fe45ba8a45fa87d26f66c3ebce4"
url = "https://nodejs.org/dist/v26.3.0/node-v26.3.0-win-x64.zip"

[tools.node."platforms.windows-x64-baseline"]
checksum = "sha256:ec6d0f6b056c89498a9b26c4d5c77a31fd0b7fe45ba8a45fa87d26f66c3ebce4"
url = "https://nodejs.org/dist/v26.3.0/node-v26.3.0-win-x64.zip"

[[tools."npm:oxfmt"]]
version = "0.46.0"
backend = "npm:oxfmt"

[[tools."npm:oxlint"]]
version = "1.61.0"
backend = "npm:oxlint"

[[tools.oxfmt]]
version = "0.54.0"
backend = "npm:oxfmt"

[[tools.oxlint]]
version = "1.69.0"
backend = "npm:oxlint"

[[tools.pnpm]]
version = "11.5.2"
backend = "aqua:pnpm/pnpm"

[tools.pnpm."platforms.linux-arm64"]
checksum = "sha256:7fef0c74081135d777754fccf25272f698e504b26ba0568504846c0cea402f8f"
url = "https://github.com/pnpm/pnpm/releases/download/v11.5.2/pnpm-linux-arm64.tar.gz"
provenance = "github-attestations"

[tools.pnpm."platforms.linux-arm64-musl"]
checksum = "sha256:843beed7bca760276d29f8950ca219600995d345dbc93fad8150b3e5f83b74d4"
url = "https://github.com/pnpm/pnpm/releases/download/v11.5.2/pnpm-linux-arm64-musl.tar.gz"
provenance = "github-attestations"

[tools.pnpm."platforms.linux-x64"]
checksum = "sha256:2033a702618c8576dc6bb0f6adb3a67ab506031351ddd59ca50d1bcaf5d13dc5"
url = "https://github.com/pnpm/pnpm/releases/download/v11.5.2/pnpm-linux-x64.tar.gz"
provenance = "github-attestations"

[tools.pnpm."platforms.linux-x64-baseline"]
checksum = "sha256:2033a702618c8576dc6bb0f6adb3a67ab506031351ddd59ca50d1bcaf5d13dc5"
url = "https://github.com/pnpm/pnpm/releases/download/v11.5.2/pnpm-linux-x64.tar.gz"
provenance = "github-attestations"

[tools.pnpm."platforms.linux-x64-musl"]
checksum = "sha256:0b794b23461c7475f7ffc29c4945692838b51ddadd857a2ace8edf0018798305"
url = "https://github.com/pnpm/pnpm/releases/download/v11.5.2/pnpm-linux-x64-musl.tar.gz"
provenance = "github-attestations"

[tools.pnpm."platforms.linux-x64-musl-baseline"]
checksum = "sha256:0b794b23461c7475f7ffc29c4945692838b51ddadd857a2ace8edf0018798305"
url = "https://github.com/pnpm/pnpm/releases/download/v11.5.2/pnpm-linux-x64-musl.tar.gz"
provenance = "github-attestations"

[tools.pnpm."platforms.macos-arm64"]
checksum = "sha256:54993dae26bea0f3c1b0e15f9427f6f6a86827d56f32d1d1554d8cda59a62399"
url = "https://github.com/pnpm/pnpm/releases/download/v11.5.2/pnpm-darwin-arm64.tar.gz"
provenance = "github-attestations"

[tools.pnpm."platforms.windows-x64"]
checksum = "sha256:b3ddff2c2bf87d3996fadf074bac58cd2259f718a17912a04ae930e3775b30e9"
url = "https://github.com/pnpm/pnpm/releases/download/v11.5.2/pnpm-win32-x64.zip"
provenance = "github-attestations"

[tools.pnpm."platforms.windows-x64-baseline"]
checksum = "sha256:b3ddff2c2bf87d3996fadf074bac58cd2259f718a17912a04ae930e3775b30e9"
url = "https://github.com/pnpm/pnpm/releases/download/v11.5.2/pnpm-win32-x64.zip"
provenance = "github-attestations"

[[tools.vp]]
version = "0.1.24"
backend = "npm:vite-plus"
