# @generated - this file is auto-generated by `mise lock` https://mise.jdx.dev/dev-tools/mise-lock.html

[[tools.bun]]
version = "1.3.13"
backend = "core:bun"

[tools.bun."platforms.linux-arm64"]
checksum = "sha256:70bae41b3908b0a120e1e58c5c8af30e74afae3b8d11b0d3fdd8e787ddfb4b22"
url = "https://github.com/oven-sh/bun/releases/download/bun-v1.3.13/bun-linux-aarch64.zip"

[tools.bun."platforms.linux-arm64-musl"]
checksum = "sha256:5385e978107ce4934298d8d6afe9bfbb898683f6cc23e6753a0da60bc60c5b81"
url = "https://github.com/oven-sh/bun/releases/download/bun-v1.3.13/bun-linux-aarch64-musl.zip"

[tools.bun."platforms.linux-x64"]
checksum = "sha256:79c0771fa8b92c33aae41e15a0e0d307ea99d0e2f00317c71c6c53237a78e25a"
url = "https://github.com/oven-sh/bun/releases/download/bun-v1.3.13/bun-linux-x64.zip"

[tools.bun."platforms.linux-x64-baseline"]
checksum = "sha256:9d8a24292a7068090205daac0a5a223f5f69736f5287e37bf88d3b4031edc750"
url = "https://github.com/oven-sh/bun/releases/download/bun-v1.3.13/bun-linux-x64-baseline.zip"

[tools.bun."platforms.linux-x64-musl"]
checksum = "sha256:5b91a48f0b00df9fd2da8bff1a795d2659d842da966432969203f25da19d1c74"
url = "https://github.com/oven-sh/bun/releases/download/bun-v1.3.13/bun-linux-x64-musl.zip"

[tools.bun."platforms.linux-x64-musl-baseline"]
checksum = "sha256:88ca7c7ad235b498f549eea2f770f434e9f0f5e9ba95168a2d3a1f235184c394"
url = "https://github.com/oven-sh/bun/releases/download/bun-v1.3.13/bun-linux-x64-musl-baseline.zip"

[tools.bun."platforms.macos-arm64"]
checksum = "sha256:5467e3f65dba526b9fea98f0cce04efafc0c63e169733ec27b876a3ad32da190"
url = "https://github.com/oven-sh/bun/releases/download/bun-v1.3.13/bun-darwin-aarch64.zip"

[tools.bun."platforms.macos-x64"]
checksum = "sha256:e5a6c8b64f419925232d111ecb13e25f0abf55e54f792341f987623fd0778009"
url = "https://github.com/oven-sh/bun/releases/download/bun-v1.3.13/bun-darwin-x64.zip"

[tools.bun."platforms.macos-x64-baseline"]
checksum = "sha256:a98ba6a480f22fda9b343626b906a4e26aa53618bf85d2bc5928ecf2ba45f0ed"
url = "https://github.com/oven-sh/bun/releases/download/bun-v1.3.13/bun-darwin-x64-baseline.zip"

[tools.bun."platforms.windows-x64"]
checksum = "sha256:85b14f3e0584218e9b63407b3aa6b90c4835ec5c32435c1f12cb6fc13667c7c9"
url = "https://github.com/oven-sh/bun/releases/download/bun-v1.3.13/bun-windows-x64.zip"

[tools.bun."platforms.windows-x64-baseline"]
checksum = "sha256:c68c7903c1190101590cc1b2129835f47211b3b37ae87759f2b97d6534aa3ad1"
url = "https://github.com/oven-sh/bun/releases/download/bun-v1.3.13/bun-windows-x64-baseline.zip"

[[tools.hk]]
version = "1.44.1"
backend = "aqua:jdx/hk"

[tools.hk."platforms.linux-arm64"]
checksum = "sha256:248fae1d0cbc859c67f9e867e67e0cf69e5f93404c62c96efbe83f9ffe691442"
url = "https://github.com/jdx/hk/releases/download/v1.44.1/hk-aarch64-unknown-linux-gnu.tar.gz"

[tools.hk."platforms.linux-arm64-musl"]
checksum = "sha256:248fae1d0cbc859c67f9e867e67e0cf69e5f93404c62c96efbe83f9ffe691442"
url = "https://github.com/jdx/hk/releases/download/v1.44.1/hk-aarch64-unknown-linux-gnu.tar.gz"

[tools.hk."platforms.linux-x64"]
checksum = "sha256:6c50ef086268b5470a0da421505f0694d6cefcc8271abb8b50f2e4e4ded35eb6"
url = "https://github.com/jdx/hk/releases/download/v1.44.1/hk-x86_64-unknown-linux-gnu.tar.gz"

[tools.hk."platforms.linux-x64-baseline"]
checksum = "sha256:6c50ef086268b5470a0da421505f0694d6cefcc8271abb8b50f2e4e4ded35eb6"
url = "https://github.com/jdx/hk/releases/download/v1.44.1/hk-x86_64-unknown-linux-gnu.tar.gz"

[tools.hk."platforms.linux-x64-musl"]
checksum = "sha256:6c50ef086268b5470a0da421505f0694d6cefcc8271abb8b50f2e4e4ded35eb6"
url = "https://github.com/jdx/hk/releases/download/v1.44.1/hk-x86_64-unknown-linux-gnu.tar.gz"

[tools.hk."platforms.linux-x64-musl-baseline"]
checksum = "sha256:6c50ef086268b5470a0da421505f0694d6cefcc8271abb8b50f2e4e4ded35eb6"
url = "https://github.com/jdx/hk/releases/download/v1.44.1/hk-x86_64-unknown-linux-gnu.tar.gz"

[tools.hk."platforms.macos-arm64"]
checksum = "sha256:c8e317df71ef6f2faa646db1e433b2208e2a4de54a6298e0c510f27d8191924b"
url = "https://github.com/jdx/hk/releases/download/v1.44.1/hk-aarch64-apple-darwin.tar.gz"

[tools.hk."platforms.windows-x64"]
checksum = "sha256:1ded329d70266fc3c4fe319ca48678614532ea7187ffd785d820e01bcdbf7f58"
url = "https://github.com/jdx/hk/releases/download/v1.44.1/hk-x86_64-pc-windows-msvc.zip"

[tools.hk."platforms.windows-x64-baseline"]
checksum = "sha256:1ded329d70266fc3c4fe319ca48678614532ea7187ffd785d820e01bcdbf7f58"
url = "https://github.com/jdx/hk/releases/download/v1.44.1/hk-x86_64-pc-windows-msvc.zip"

[[tools."npm:oxfmt"]]
version = "0.46.0"
backend = "npm:oxfmt"

[[tools."npm:oxlint"]]
version = "1.61.0"
backend = "npm:oxlint"

[[tools.pkl]]
version = "0.31.1"
backend = "aqua:apple/pkl"

[tools.pkl."platforms.linux-arm64"]
checksum = "sha256:7ef10e743daa921fb94ae7bdb9ec6986f362bf250c55814b9ea2aeb13f2d083e"
url = "https://github.com/apple/pkl/releases/download/0.31.1/pkl-linux-aarch64"

[tools.pkl."platforms.linux-arm64-musl"]
checksum = "sha256:7ef10e743daa921fb94ae7bdb9ec6986f362bf250c55814b9ea2aeb13f2d083e"
url = "https://github.com/apple/pkl/releases/download/0.31.1/pkl-linux-aarch64"

[tools.pkl."platforms.linux-x64"]
checksum = "sha256:618f13955d755cafbfe8c9cba1d27635848cd49dbc6abffd398d2751db1231bf"
url = "https://github.com/apple/pkl/releases/download/0.31.1/pkl-linux-amd64"

[tools.pkl."platforms.linux-x64-baseline"]
checksum = "sha256:618f13955d755cafbfe8c9cba1d27635848cd49dbc6abffd398d2751db1231bf"
url = "https://github.com/apple/pkl/releases/download/0.31.1/pkl-linux-amd64"

[tools.pkl."platforms.linux-x64-musl"]
checksum = "sha256:618f13955d755cafbfe8c9cba1d27635848cd49dbc6abffd398d2751db1231bf"
url = "https://github.com/apple/pkl/releases/download/0.31.1/pkl-linux-amd64"

[tools.pkl."platforms.linux-x64-musl-baseline"]
checksum = "sha256:618f13955d755cafbfe8c9cba1d27635848cd49dbc6abffd398d2751db1231bf"
url = "https://github.com/apple/pkl/releases/download/0.31.1/pkl-linux-amd64"

[tools.pkl."platforms.macos-arm64"]
checksum = "sha256:1b6a5438d9624cd2798a7530721bbbfa27ef72efe5c878a1b6c546c6e7ca0e8f"
url = "https://github.com/apple/pkl/releases/download/0.31.1/pkl-macos-aarch64"

[tools.pkl."platforms.macos-x64"]
checksum = "sha256:22123ed4ae4c03afa8c54c69f77f0bec39b0fa0f67b09d6d148e0a376a2a471d"
url = "https://github.com/apple/pkl/releases/download/0.31.1/pkl-macos-amd64"

[tools.pkl."platforms.macos-x64-baseline"]
checksum = "sha256:22123ed4ae4c03afa8c54c69f77f0bec39b0fa0f67b09d6d148e0a376a2a471d"
url = "https://github.com/apple/pkl/releases/download/0.31.1/pkl-macos-amd64"

[tools.pkl."platforms.windows-x64"]
checksum = "sha256:a8834481667325b44c539dbb758d7365a16389070f343c04b639bbe525ede013"
url = "https://github.com/apple/pkl/releases/download/0.31.1/pkl-windows-amd64.exe"

[tools.pkl."platforms.windows-x64-baseline"]
checksum = "sha256:a8834481667325b44c539dbb758d7365a16389070f343c04b639bbe525ede013"
url = "https://github.com/apple/pkl/releases/download/0.31.1/pkl-windows-amd64.exe"
