# @generated - this file is auto-generated by `mise lock` https://mise.en.dev/dev-tools/mise-lock.html

[[tools.ansible-core]]
version = "2.21.0"
backend = "pipx:ansible-core"

[[tools."pipx:ansible-core"]]
version = "2.20.5"
backend = "pipx:ansible-core"

[[tools."pipx:ansible-lint"]]
version = "26.4.0"
backend = "pipx:ansible-lint"

[[tools."pipx:yamllint"]]
version = "1.38.0"
backend = "pipx:yamllint"

[[tools.uv]]
version = "0.11.16"
backend = "aqua:astral-sh/uv"

[tools.uv."platforms.linux-arm64"]
checksum = "sha256:ac022d96411143b9a2dd75ea711fa8dd4cd14538bf248f2e5df3c10a80f7f6a4"
url = "https://github.com/astral-sh/uv/releases/download/0.11.16/uv-aarch64-unknown-linux-musl.tar.gz"
provenance = "github-attestations"

[tools.uv."platforms.linux-arm64-musl"]
checksum = "sha256:ac022d96411143b9a2dd75ea711fa8dd4cd14538bf248f2e5df3c10a80f7f6a4"
url = "https://github.com/astral-sh/uv/releases/download/0.11.16/uv-aarch64-unknown-linux-musl.tar.gz"
provenance = "github-attestations"

[tools.uv."platforms.linux-x64"]
checksum = "sha256:1bc4be1be0a000f893b0d1db97906cf392b63fa22fda9a0ecf33d0d4bbb4bc9a"
url = "https://github.com/astral-sh/uv/releases/download/0.11.16/uv-x86_64-unknown-linux-musl.tar.gz"
provenance = "github-attestations"

[tools.uv."platforms.linux-x64-musl"]
checksum = "sha256:1bc4be1be0a000f893b0d1db97906cf392b63fa22fda9a0ecf33d0d4bbb4bc9a"
url = "https://github.com/astral-sh/uv/releases/download/0.11.16/uv-x86_64-unknown-linux-musl.tar.gz"
provenance = "github-attestations"

[tools.uv."platforms.macos-arm64"]
checksum = "sha256:2b25be1af546be330b340b0a76b99f989daa6d92678fdffb87438e661e9d88fb"
url = "https://github.com/astral-sh/uv/releases/download/0.11.16/uv-aarch64-apple-darwin.tar.gz"
provenance = "github-attestations"

[tools.uv."platforms.macos-x64"]
checksum = "sha256:6b91ae3de155f51bd1f5b74814821c79f016a176561f252cd9ddfb976939af2e"
url = "https://github.com/astral-sh/uv/releases/download/0.11.16/uv-x86_64-apple-darwin.tar.gz"
provenance = "github-attestations"

[tools.uv."platforms.windows-x64"]
checksum = "sha256:dd9d6d6554bfab265bfa98aa8e8a406c5c3a7b97582f93de1f4d48d9154a0395"
url = "https://github.com/astral-sh/uv/releases/download/0.11.16/uv-x86_64-pc-windows-msvc.zip"
provenance = "github-attestations"

[[tools.yamlfmt]]
version = "0.21.0"
backend = "aqua:google/yamlfmt"

[tools.yamlfmt."platforms.linux-arm64"]
checksum = "sha256:5b2689c963b177271330c5ce8ca7396751107e5a826be46f03d2cb9b6f0c7784"
url = "https://github.com/google/yamlfmt/releases/download/v0.21.0/yamlfmt_0.21.0_Linux_arm64.tar.gz"

[tools.yamlfmt."platforms.linux-arm64-musl"]
checksum = "sha256:5b2689c963b177271330c5ce8ca7396751107e5a826be46f03d2cb9b6f0c7784"
url = "https://github.com/google/yamlfmt/releases/download/v0.21.0/yamlfmt_0.21.0_Linux_arm64.tar.gz"

[tools.yamlfmt."platforms.linux-x64"]
checksum = "sha256:1f300d9257b232bb3b541d7fb1b0e6b3c121bcbab381c86cd38cb8722be8a566"
url = "https://github.com/google/yamlfmt/releases/download/v0.21.0/yamlfmt_0.21.0_Linux_x86_64.tar.gz"

[tools.yamlfmt."platforms.linux-x64-musl"]
checksum = "sha256:1f300d9257b232bb3b541d7fb1b0e6b3c121bcbab381c86cd38cb8722be8a566"
url = "https://github.com/google/yamlfmt/releases/download/v0.21.0/yamlfmt_0.21.0_Linux_x86_64.tar.gz"

[tools.yamlfmt."platforms.macos-arm64"]
checksum = "sha256:4b417ecb94339d57e4c122ecc948c1a00fe328b5853266de9806e652a92858fa"
url = "https://github.com/google/yamlfmt/releases/download/v0.21.0/yamlfmt_0.21.0_Darwin_arm64.tar.gz"

[tools.yamlfmt."platforms.macos-x64"]
checksum = "sha256:060e943bcb8583c456810eb1ff4721b4f46c4a0c1a4432449d5dc3bbfe29a22b"
url = "https://github.com/google/yamlfmt/releases/download/v0.21.0/yamlfmt_0.21.0_Darwin_x86_64.tar.gz"

[tools.yamlfmt."platforms.windows-x64"]
checksum = "sha256:07f80ce5d741eb4b0a9380ac78a19c7cb5bd44e2a9a47a5a04839e3ba54dd463"
url = "https://github.com/google/yamlfmt/releases/download/v0.21.0/yamlfmt_0.21.0_Windows_x86_64.tar.gz"

[[tools.yamllint]]
version = "1.38.0"
backend = "pipx:yamllint"
